
Microsoft Visual Studio Solution File, Format Version 12.00
# Visual Studio Version 17
VisualStudioVersion = 17.6.33815.320
MinimumVisualStudioVersion = 10.0.40219.1
Project("{FAE04EC0-301F-11D3-BF4B-00C04F79EFBC}") = "01_DB", "01_DB_And_DAL\01_DB.csproj", "{8942EDFF-3CA2-426F-8193-A4779E5FFB12}"
EndProject
Global
	GlobalSection(SolutionConfigurationPlatforms) = preSolution
		Debug|Any CPU = Debug|Any CPU
		Release|Any CPU = Release|Any CPU
	EndGlobalSection
	GlobalSection(ProjectConfigurationPlatforms) = postSolution
		{8942EDFF-3CA2-426F-8193-A4779E5FFB12}.Debug|Any CPU.ActiveCfg = Debug|Any CPU
		{8942EDFF-3CA2-426F-8193-A4779E5FFB12}.Debug|Any CPU.Build.0 = Debug|Any CPU
		{8942EDFF-3CA2-426F-8193-A4779E5FFB12}.Release|Any CPU.ActiveCfg = Release|Any CPU
		{8942EDFF-3CA2-426F-8193-A4779E5FFB12}.Release|Any CPU.Build.0 = Release|Any CPU
	EndGlobalSection
	GlobalSection(SolutionProperties) = preSolution
		HideSolutionNode = FALSE
	EndGlobalSection
	GlobalSection(ExtensibilityGlobals) = postSolution
		SolutionGuid = {420C170D-5EEC-4CE5-A913-898D8BE74686}
	EndGlobalSection
EndGlobal
